
Microsoft Visual Studio Solution File, Format Version 12.00
# Visual Studio 15
VisualStudioVersion = 15.0.27703.2035
MinimumVisualStudioVersion = 10.0.40219.1
Project("{FAE04EC0-301F-11D3-BF4B-00C04F79EFBC}") = "DCSPCS.Repository", "DCSPCS.Repository\DCSPCS.Repository.csproj", "{733A1BD5-CBDC-43CC-8B6E-832D9F2423AB}"
EndProject
Project("{FAE04EC0-301F-11D3-BF4B-00C04F79EFBC}") = "Template.Repository", "Template.Repository\Template.Repository.csproj", "{AFA83B51-9F0E-43EA-8A40-E54430E0116B}"
EndProject
Project("{FAE04EC0-301F-11D3-BF4B-00C04F79EFBC}") = "DCSPCS.REST_Api", "DCSPCS.REST_Api\DCSPCS.REST_Api.csproj", "{B4D14A82-6942-45C9-8E13-BB8F83FD3D53}"
EndProject
Project("{FAE04EC0-301F-11D3-BF4B-00C04F79EFBC}") = "DCSPCS.REST_Api.Tests", "DCSPCS.REST_Api.Tests\DCSPCS.REST_Api.Tests.csproj", "{40C3B4BC-664F-4063-BBEB-8F370D533D14}"
EndProject
Project("{FAE04EC0-301F-11D3-BF4B-00C04F79EFBC}") = "DCSPCS.WebUI", "DCSPCS.WebUI\DCSPCS.WebUI.csproj", "{EE79B637-934C-4CB8-A454-F751CFA1859E}"
EndProject
Project("{FAE04EC0-301F-11D3-BF4B-00C04F79EFBC}") = "DCSPCS.ConsoleTestApp", "DCSPCS.ConsoleTestApp\DCSPCS.ConsoleTestApp.csproj", "{F34CB260-FB19-48EF-9B78-B9C57BDBF5A2}"
EndProject
Global
	GlobalSection(SolutionConfigurationPlatforms) = preSolution
		Debug|Any CPU = Debug|Any CPU
		Release|Any CPU = Release|Any CPU
	EndGlobalSection
	GlobalSection(ProjectConfigurationPlatforms) = postSolution
		{733A1BD5-CBDC-43CC-8B6E-832D9F2423AB}.Debug|Any CPU.ActiveCfg = Debug|Any CPU
		{733A1BD5-CBDC-43CC-8B6E-832D9F2423AB}.Debug|Any CPU.Build.0 = Debug|Any CPU
		{733A1BD5-CBDC-43CC-8B6E-832D9F2423AB}.Release|Any CPU.ActiveCfg = Release|Any CPU
		{733A1BD5-CBDC-43CC-8B6E-832D9F2423AB}.Release|Any CPU.Build.0 = Release|Any CPU
		{AFA83B51-9F0E-43EA-8A40-E54430E0116B}.Debug|Any CPU.ActiveCfg = Debug|Any CPU
		{AFA83B51-9F0E-43EA-8A40-E54430E0116B}.Debug|Any CPU.Build.0 = Debug|Any CPU
		{AFA83B51-9F0E-43EA-8A40-E54430E0116B}.Release|Any CPU.ActiveCfg = Release|Any CPU
		{AFA83B51-9F0E-43EA-8A40-E54430E0116B}.Release|Any CPU.Build.0 = Release|Any CPU
		{B4D14A82-6942-45C9-8E13-BB8F83FD3D53}.Debug|Any CPU.ActiveCfg = Debug|Any CPU
		{B4D14A82-6942-45C9-8E13-BB8F83FD3D53}.Debug|Any CPU.Build.0 = Debug|Any CPU
		{B4D14A82-6942-45C9-8E13-BB8F83FD3D53}.Release|Any CPU.ActiveCfg = Release|Any CPU
		{B4D14A82-6942-45C9-8E13-BB8F83FD3D53}.Release|Any CPU.Build.0 = Release|Any CPU
		{40C3B4BC-664F-4063-BBEB-8F370D533D14}.Debug|Any CPU.ActiveCfg = Debug|Any CPU
		{40C3B4BC-664F-4063-BBEB-8F370D533D14}.Debug|Any CPU.Build.0 = Debug|Any CPU
		{40C3B4BC-664F-4063-BBEB-8F370D533D14}.Release|Any CPU.ActiveCfg = Release|Any CPU
		{40C3B4BC-664F-4063-BBEB-8F370D533D14}.Release|Any CPU.Build.0 = Release|Any CPU
		{EE79B637-934C-4CB8-A454-F751CFA1859E}.Debug|Any CPU.ActiveCfg = Debug|Any CPU
		{EE79B637-934C-4CB8-A454-F751CFA1859E}.Debug|Any CPU.Build.0 = Debug|Any CPU
		{EE79B637-934C-4CB8-A454-F751CFA1859E}.Release|Any CPU.ActiveCfg = Release|Any CPU
		{EE79B637-934C-4CB8-A454-F751CFA1859E}.Release|Any CPU.Build.0 = Release|Any CPU
		{F34CB260-FB19-48EF-9B78-B9C57BDBF5A2}.Debug|Any CPU.ActiveCfg = Debug|Any CPU
		{F34CB260-FB19-48EF-9B78-B9C57BDBF5A2}.Debug|Any CPU.Build.0 = Debug|Any CPU
		{F34CB260-FB19-48EF-9B78-B9C57BDBF5A2}.Release|Any CPU.ActiveCfg = Release|Any CPU
		{F34CB260-FB19-48EF-9B78-B9C57BDBF5A2}.Release|Any CPU.Build.0 = Release|Any CPU
	EndGlobalSection
	GlobalSection(SolutionProperties) = preSolution
		HideSolutionNode = FALSE
	EndGlobalSection
	GlobalSection(ExtensibilityGlobals) = postSolution
		SolutionGuid = {1967A7F7-A459-40F3-9953-8F26A0476147}
	EndGlobalSection
EndGlobal
